
Microsoft Visual Studio Solution File, Format Version 12.00
# Visual Studio Version 17
VisualStudioVersion = 17.13.35919.96
MinimumVisualStudioVersion = 10.0.40219.1
Project("{FAE04EC0-301F-11D3-BF4B-00C04F79EFBC}") = "StudentTrackingSystem.API", "StudentTrackingSystem.API\StudentTrackingSystem.API.csproj", "{5BB929B9-1ED9-4479-B675-FE266A1852BD}"
EndProject
Project("{FAE04EC0-301F-11D3-BF4B-00C04F79EFBC}") = "StudentTrackingSystem.Client", "StudentTrackingSystem.Client\StudentTrackingSystem.Client.csproj", "{E10571F8-E8F6-454D-9E5A-57054873FDA3}"
EndProject
Project("{FAE04EC0-301F-11D3-BF4B-00C04F79EFBC}") = "StudentTrackingSystem.Shared", "StudentTrackingSystem.Shared\StudentTrackingSystem.Shared.csproj", "{A6E48A0D-6F38-4F51-B664-9F6080130CEF}"
EndProject
Project("{FAE04EC0-301F-11D3-BF4B-00C04F79EFBC}") = "StudentTrackingSystem.Data", "StudentTrackingSystem.Data\StudentTrackingSystem.Data.csproj", "{60CC5062-826D-40C6-AD35-D8A5665D446B}"
EndProject
Project("{FAE04EC0-301F-11D3-BF4B-00C04F79EFBC}") = "StudentTrackingSystem.Service", "StudentTrackingSystem.Service\StudentTrackingSystem.Service.csproj", "{21611141-A9F0-4D62-AB86-4686AB710854}"
EndProject
Global
	GlobalSection(SolutionConfigurationPlatforms) = preSolution
		Debug|Any CPU = Debug|Any CPU
		Release|Any CPU = Release|Any CPU
	EndGlobalSection
	GlobalSection(ProjectConfigurationPlatforms) = postSolution
		{5BB929B9-1ED9-4479-B675-FE266A1852BD}.Debug|Any CPU.ActiveCfg = Debug|Any CPU
		{5BB929B9-1ED9-4479-B675-FE266A1852BD}.Debug|Any CPU.Build.0 = Debug|Any CPU
		{5BB929B9-1ED9-4479-B675-FE266A1852BD}.Release|Any CPU.ActiveCfg = Release|Any CPU
		{5BB929B9-1ED9-4479-B675-FE266A1852BD}.Release|Any CPU.Build.0 = Release|Any CPU
		{E10571F8-E8F6-454D-9E5A-57054873FDA3}.Debug|Any CPU.ActiveCfg = Debug|Any CPU
		{E10571F8-E8F6-454D-9E5A-57054873FDA3}.Debug|Any CPU.Build.0 = Debug|Any CPU
		{E10571F8-E8F6-454D-9E5A-57054873FDA3}.Release|Any CPU.ActiveCfg = Release|Any CPU
		{E10571F8-E8F6-454D-9E5A-57054873FDA3}.Release|Any CPU.Build.0 = Release|Any CPU
		{A6E48A0D-6F38-4F51-B664-9F6080130CEF}.Debug|Any CPU.ActiveCfg = Debug|Any CPU
		{A6E48A0D-6F38-4F51-B664-9F6080130CEF}.Debug|Any CPU.Build.0 = Debug|Any CPU
		{A6E48A0D-6F38-4F51-B664-9F6080130CEF}.Release|Any CPU.ActiveCfg = Release|Any CPU
		{A6E48A0D-6F38-4F51-B664-9F6080130CEF}.Release|Any CPU.Build.0 = Release|Any CPU
		{60CC5062-826D-40C6-AD35-D8A5665D446B}.Debug|Any CPU.ActiveCfg = Debug|Any CPU
		{60CC5062-826D-40C6-AD35-D8A5665D446B}.Debug|Any CPU.Build.0 = Debug|Any CPU
		{60CC5062-826D-40C6-AD35-D8A5665D446B}.Release|Any CPU.ActiveCfg = Release|Any CPU
		{60CC5062-826D-40C6-AD35-D8A5665D446B}.Release|Any CPU.Build.0 = Release|Any CPU
		{21611141-A9F0-4D62-AB86-4686AB710854}.Debug|Any CPU.ActiveCfg = Debug|Any CPU
		{21611141-A9F0-4D62-AB86-4686AB710854}.Debug|Any CPU.Build.0 = Debug|Any CPU
		{21611141-A9F0-4D62-AB86-4686AB710854}.Release|Any CPU.ActiveCfg = Release|Any CPU
		{21611141-A9F0-4D62-AB86-4686AB710854}.Release|Any CPU.Build.0 = Release|Any CPU
	EndGlobalSection
	GlobalSection(SolutionProperties) = preSolution
		HideSolutionNode = FALSE
	EndGlobalSection
	GlobalSection(ExtensibilityGlobals) = postSolution
		SolutionGuid = {7D712EAA-FE0B-400C-8BBF-EAF8363B3DB9}
	EndGlobalSection
EndGlobal
